// !$*UTF8*$!
{
	archiveVersion = 1;
	classes = {
	};
	objectVersion = 46;
	objects = {

/* Begin PBXBuildFile section */
		EBA3B92D1C552A9D0036909E /* AppDelegate.swift in Sources */ = {isa = PBXBuildFile; fileRef = EBA3B92C1C552A9D0036909E /* AppDelegate.swift */; };
		EBA3B92F1C552A9D0036909E /* ViewController.swift in Sources */ = {isa = PBXBuildFile; fileRef = EBA3B92E1C552A9D0036909E /* ViewController.swift */; };
		EBA3B9321C552A9D0036909E /* Main.storyboard in Resources */ = {isa = PBXBuildFile; fileRef = EBA3B9301C552A9D0036909E /* Main.storyboard */; };
		EBA3B9341C552A9D0036909E /* Assets.xcassets in Resources */ = {isa = PBXBuildFile; fileRef = EBA3B9331C552A9D0036909E /* Assets.xcassets */; };
		EBA3B9371C552A9D0036909E /* LaunchScreen.storyboard in Resources */ = {isa = PBXBuildFile; fileRef = EBA3B9351C552A9D0036909E /* LaunchScreen.storyboard */; };
/* End PBXBuildFile section */

/* Begin PBXFileReference section */
		EBA3B9291C552A9D0036909E /* Calculator.app */ = {isa = PBXFileReference; explicitFileType = wrapper.application; includeInIndex = 0; path = Calculator.app; sourceTree = BUILT_PRODUCTS_DIR; };
		EBA3B92C1C552A9D0036909E /* AppDelegate.swift */ = {isa = PBXFileReference; lastKnownFileType = sourcecode.swift; path = AppDelegate.swift; sourceTree = "<group>"; };
		EBA3B92E1C552A9D0036909E /* ViewController.swift */ = {isa = PBXFileReference; lastKnownFileType = sourcecode.swift; path = ViewController.swift; sourceTree = "<group>"; };
		EBA3B9311C552A9D0036909E /* Base */ = {isa = PBXFileReference; lastKnownFileType = file.storyboard; name = Base; path = Base.lproj/Main.storyboard; sourceTree = "<group>"; };
		EBA3B9331C552A9D0036909E /* Assets.xcassets */ = {isa = PBXFileReference; lastKnownFileType = folder.assetcatalog; path = Assets.xcassets; sourceTree = "<group>"; };
		EBA3B9361C552A9D0036909E /* Base */ = {isa = PBXFileReference; lastKnownFileType = file.storyboard; name = Base; path = Base.lproj/LaunchScreen.storyboard; sourceTree = "<group>"; };
		EBA3B9381C552A9D0036909E /* Info.plist */ = {isa = PBXFileReference; lastKnownFileType = text.plist.xml; path = Info.plist; sourceTree = "<group>"; };
/* End PBXFileReference section */

/* Begin PBXFrameworksBuildPhase section */
		EBA3B9261C552A9D0036909E /* Frameworks */ = {
			isa = PBXFrameworksBuildPhase;
			buildActionMask = 2147483647;
			files = (
			);
			runOnlyForDeploymentPostprocessing = 0;
		};
/* End PBXFrameworksBuildPhase section */

/* Begin PBXGroup section */
		EBA3B9201C552A9D0036909E = {
			isa = PBXGroup;
			children = (
				EBA3B92B1C552A9D0036909E /* Calculator */,
				EBA3B92A1C552A9D0036909E /* Products */,
			);
			sourceTree = "<group>";
		};
		EBA3B92A1C552A9D0036909E /* Products */ = {
			isa = PBXGroup;
			children = (
				EBA3B9291C552A9D0036909E /* Calculator.app */,
			);
			name = Products;
			sourceTree = "<group>";
		};
		EBA3B92B1C552A9D0036909E /* Calculator */ = {
			isa = PBXGroup;
			children = (
				EBA3B92E1C552A9D0036909E /* ViewController.swift */,
				EBA3B9301C552A9D0036909E /* Main.storyboard */,
				EBA3B93E1C552B140036909E /* Supporting files */,
			);
			path = Calculator;
			sourceTree = "<group>";
		};
		EBA3B93E1C552B140036909E /* Supporting files */ = {
			isa = PBXGroup;
			children = (
				EBA3B92C1C552A9D0036909E /* AppDelegate.swift */,
				EBA3B9331C552A9D0036909E /* Assets.xcassets */,
				EBA3B9351C552A9D0036909E /* LaunchScreen.storyboard */,
				EBA3B9381C552A9D0036909E /* Info.plist */,
			);
			name = "Supporting files";
			sourceTree = "<group>";
		};
/* End PBXGroup section */

/* Begin PBXNativeTarget section */
		EBA3B9281C552A9D0036909E /* Calculator */ = {
			isa = PBXNativeTarget;
			buildConfigurationList = EBA3B93B1C552A9D0036909E /* Build configuration list for PBXNativeTarget "Calculator" */;
			buildPhases = (
				EBA3B9251C552A9D0036909E /* Sources */,
				EBA3B9261C552A9D0036909E /* Frameworks */,
				EBA3B9271C552A9D0036909E /* Resources */,
			);
			buildRules = (
			);
			dependencies = (
			);
			name = Calculator;
			productName = Calculator;
			productReference = EBA3B9291C552A9D0036909E /* Calculator.app */;
			productType = "com.apple.product-type.application";
		};
/* End PBXNativeTarget section */

/* Begin PBXProject section */
		EBA3B9211C552A9D0036909E /* Project object */ = {
			isa = PBXProject;
			attributes = {
				LastSwiftUpdateCheck = 0720;
				LastUpgradeCheck = 0720;
				ORGANIZATIONNAME = Andrei_Chernyshou;
				TargetAttributes = {
					EBA3B9281C552A9D0036909E = {
						CreatedOnToolsVersion = 7.2;
						DevelopmentTeam = 6ZKC3V95DT;
					};
				};
			};
			buildConfigurationList = EBA3B9241C552A9D0036909E /* Build configuration list for PBXProject "Calculator" */;
			compatibilityVersion = "Xcode 3.2";
			developmentRegion = English;
			hasScannedForEncodings = 0;
			knownRegions = (
				en,
				Base,
			);
			mainGroup = EBA3B9201C552A9D0036909E;
			productRefGroup = EBA3B92A1C552A9D0036909E /* Products */;
			projectDirPath = "";
			projectRoot = "";
			targets = (
				EBA3B9281C552A9D0036909E /* Calculator */,
			);
		};
/* End PBXProject section */

/* Begin PBXResourcesBuildPhase section */
		EBA3B9271C552A9D0036909E /* Resources */ = {
			isa = PBXResourcesBuildPhase;
			buildActionMask = 2147483647;
			files = (
				EBA3B9371C552A9D0036909E /* LaunchScreen.storyboard in Resources */,
				EBA3B9341C552A9D0036909E /* Assets.xcassets in Resources */,
				EBA3B9321C552A9D0036909E /* Main.storyboard in Resources */,
			);
			runOnlyForDeploymentPostprocessing = 0;
		};
/* End PBXResourcesBuildPhase section */

/* Begin PBXSourcesBuildPhase section */
		EBA3B9251C552A9D0036909E /* Sources */ = {
			isa = PBXSourcesBuildPhase;
			buildActionMask = 2147483647;
			files = (
				EBA3B92F1C552A9D0036909E /* ViewController.swift in Sources */,
				EBA3B92D1C552A9D0036909E /* AppDelegate.swift in Sources */,
			);
			runOnlyForDeploymentPostprocessing = 0;
		};
/* End PBXSourcesBuildPhase section */

/* Begin PBXVariantGroup section */
		EBA3B9301C552A9D0036909E /* Main.storyboard */ = {
			isa = PBXVariantGroup;
			children = (
				EBA3B9311C552A9D0036909E /* Base */,
			);
			name = Main.storyboard;
			sourceTree = "<group>";
		};
		EBA3B9351C552A9D0036909E /* LaunchScreen.storyboard */ = {
			isa = PBXVariantGroup;
			children = (
				EBA3B9361C552A9D0036909E /* Base */,
			);
			name = LaunchScreen.storyboard;
			sourceTree = "<group>";
		};
/* End PBXVariantGroup section */

/* Begin XCBuildConfiguration section */
		EBA3B9391C552A9D0036909E /* Debug */ = {
			isa = XCBuildConfiguration;
			buildSettings = {
				ALWAYS_SEARCH_USER_PATHS = NO;
				CLANG_CXX_LANGUAGE_STANDARD = "gnu++0x";
				CLANG_CXX_LIBRARY = "libc++";
				CLANG_ENABLE_MODULES = YES;
				CLANG_ENABLE_OBJC_ARC = YES;
				CLANG_WARN_BOOL_CONVERSION = YES;
				CLANG_WARN_CONSTANT_CONVERSION = YES;
				CLANG_WARN_DIRECT_OBJC_ISA_USAGE = YES_ERROR;
				CLANG_WARN_EMPTY_BODY = YES;
				CLANG_WARN_ENUM_CONVERSION = YES;
				CLANG_WARN_INT_CONVERSION = YES;
				CLANG_WARN_OBJC_ROOT_CLASS = YES_ERROR;
				CLANG_WARN_UNREACHABLE_CODE = YES;
				CLANG_WARN__DUPLICATE_METHOD_MATCH = YES;
				"CODE_SIGN_IDENTITY[sdk=iphoneos*]" = "iPhone Developer";
				COPY_PHASE_STRIP = NO;
				DEBUG_INFORMATION_FORMAT = dwarf;
				ENABLE_STRICT_OBJC_MSGSEND = YES;
				ENABLE_TESTABILITY = YES;
				GCC_C_LANGUAGE_STANDARD = gnu99;
				GCC_DYNAMIC_NO_PIC = NO;
				GCC_NO_COMMON_BLOCKS = YES;
				GCC_OPTIMIZATION_LEVEL = 0;
				GCC_PREPROCESSOR_DEFINITIONS = (
					"DEBUG=1",
					"$(inherited)",
				);
				GCC_WARN_64_TO_32_BIT_CONVERSION = YES;
				GCC_WARN_ABOUT_RETURN_TYPE = YES_ERROR;
				GCC_WARN_UNDECLARED_SELECTOR = YES;
				GCC_WARN_UNINITIALIZED_AUTOS = YES_AGGRESSIVE;
				GCC_WARN_UNUSED_FUNCTION = YES;
				GCC_WARN_UNUSED_VARIABLE = YES;
				IPHONEOS_DEPLOYMENT_TARGET = 9.2;
				MTL_ENABLE_DEBUG_INFO = YES;
				ONLY_ACTIVE_ARCH = YES;
				SDKROOT = iphoneos;
				SWIFT_OPTIMIZATION_LEVEL = "-Onone";
				TARGETED_DEVICE_FAMILY = "1,2";
			};
			name = Debug;
		};
		EBA3B93A1C552A9D0036909E /* Release */ = {
			isa = XCBuildConfiguration;
			buildSettings = {
				ALWAYS_SEARCH_USER_PATHS = NO;
				CLANG_CXX_LANGUAGE_STANDARD = "gnu++0x";
				CLANG_CXX_LIBRARY = "libc++";
				CLANG_ENABLE_MODULES = YES;
				CLANG_ENABLE_OBJC_ARC = YES;
				CLANG_WARN_BOOL_CONVERSION = YES;
				CLANG_WARN_CONSTANT_CONVERSION = YES;
				CLANG_WARN_DIRECT_OBJC_ISA_USAGE = YES_ERROR;
				CLANG_WARN_EMPTY_BODY = YES;
				CLANG_WARN_ENUM_CONVERSION = YES;
				CLANG_WARN_INT_CONVERSION = YES;
				CLANG_WARN_OBJC_ROOT_CLASS = YES_ERROR;
				CLANG_WARN_UNREACHABLE_CODE = YES;
				CLANG_WARN__DUPLICATE_METHOD_MATCH = YES;
				"CODE_SIGN_IDENTITY[sdk=iphoneos*]" = "iPhone Developer";
				COPY_PHASE_STRIP = NO;
				DEBUG_INFORMATION_FORMAT = "dwarf-with-dsym";
				ENABLE_NS_ASSERTIONS = NO;
				ENABLE_STRICT_OBJC_MSGSEND = YES;
				GCC_C_LANGUAGE_STANDARD = gnu99;
				GCC_NO_COMMON_BLOCKS = YES;
				GCC_WARN_64_TO_32_BIT_CONVERSION = YES;
				GCC_WARN_ABOUT_RETURN_TYPE = YES_ERROR;
				GCC_WARN_UNDECLARED_SELECTOR = YES;
				GCC_WARN_UNINITIALIZED_AUTOS = YES_AGGRESSIVE;
				GCC_WARN_UNUSED_FUNCTION = YES;
				GCC_WARN_UNUSED_VARIABLE = YES;
				IPHONEOS_DEPLOYMENT_TARGET = 9.2;
				MTL_ENABLE_DEBUG_INFO = NO;
				SDKROOT = iphoneos;
				TARGETED_DEVICE_FAMILY = "1,2";
				VALIDATE_PRODUCT = YES;
			};
			name = Release;
		};
		EBA3B93C1C552A9D0036909E /* Debug */ = {
			isa = XCBuildConfiguration;
			buildSettings = {
				ASSETCATALOG_COMPILER_APPICON_NAME = AppIcon;
				INFOPLIST_FILE = Calculator/Info.plist;
				LD_RUNPATH_SEARCH_PATHS = "$(inherited) @executable_path/Frameworks";
				PRODUCT_BUNDLE_IDENTIFIER = Che.Calculator;
				PRODUCT_NAME = "$(TARGET_NAME)";
			};
			name = Debug;
		};
		EBA3B93D1C552A9D0036909E /* Release */ = {
			isa = XCBuildConfiguration;
			buildSettings = {
				ASSETCATALOG_COMPILER_APPICON_NAME = AppIcon;
				INFOPLIST_FILE = Calculator/Info.plist;
				LD_RUNPATH_SEARCH_PATHS = "$(inherited) @executable_path/Frameworks";
				PRODUCT_BUNDLE_IDENTIFIER = Che.Calculator;
				PRODUCT_NAME = "$(TARGET_NAME)";
			};
			name = Release;
		};
/* End XCBuildConfiguration section */

/* Begin XCConfigurationList section */
		EBA3B9241C552A9D0036909E /* Build configuration list for PBXProject "Calculator" */ = {
			isa = XCConfigurationList;
			buildConfigurations = (
				EBA3B9391C552A9D0036909E /* Debug */,
				EBA3B93A1C552A9D0036909E /* Release */,
			);
			defaultConfigurationIsVisible = 0;
			defaultConfigurationName = Release;
		};
		EBA3B93B1C552A9D0036909E /* Build configuration list for PBXNativeTarget "Calculator" */ = {
			isa = XCConfigurationList;
			buildConfigurations = (
				EBA3B93C1C552A9D0036909E /* Debug */,
				EBA3B93D1C552A9D0036909E /* Release */,
			);
			defaultConfigurationIsVisible = 0;
		};
/* End XCConfigurationList section */
	};
	rootObject = EBA3B9211C552A9D0036909E /* Project object */;
}
